
Microsoft Visual Studio Solution File, Format Version 12.00
# Visual Studio 15
VisualStudioVersion = 15.0.27004.2006
MinimumVisualStudioVersion = 10.0.40219.1
Project("{9A19103F-16F7-4668-BE54-9A1E7A4F7556}") = "IoCSampleApp", "IoCSampleApp\IoCSampleApp.csproj", "{4D21372F-2FD1-4C9F-871F-DF0219C6C3D6}"
EndProject
Project("{2150E333-8FDC-42A3-9474-1A3956D46DE8}") = "Solution Items", "Solution Items", "{5A0544D1-3DD6-4319-9443-1039935B8A12}"
	ProjectSection(SolutionItems) = preProject
		README.md = README.md
	EndProjectSection
EndProject
Project("{FAE04EC0-301F-11D3-BF4B-00C04F79EFBC}") = "EventLog", "EventLog\EventLog.csproj", "{FF8E27CD-83AF-4553-A5D6-0C205E00A880}"
EndProject
Global
	GlobalSection(SolutionConfigurationPlatforms) = preSolution
		Debug|Any CPU = Debug|Any CPU
		Release|Any CPU = Release|Any CPU
	EndGlobalSection
	GlobalSection(ProjectConfigurationPlatforms) = postSolution
		{4D21372F-2FD1-4C9F-871F-DF0219C6C3D6}.Debug|Any CPU.ActiveCfg = Debug|Any CPU
		{4D21372F-2FD1-4C9F-871F-DF0219C6C3D6}.Debug|Any CPU.Build.0 = Debug|Any CPU
		{4D21372F-2FD1-4C9F-871F-DF0219C6C3D6}.Release|Any CPU.ActiveCfg = Release|Any CPU
		{4D21372F-2FD1-4C9F-871F-DF0219C6C3D6}.Release|Any CPU.Build.0 = Release|Any CPU
		{FF8E27CD-83AF-4553-A5D6-0C205E00A880}.Debug|Any CPU.ActiveCfg = Debug|Any CPU
		{FF8E27CD-83AF-4553-A5D6-0C205E00A880}.Debug|Any CPU.Build.0 = Debug|Any CPU
		{FF8E27CD-83AF-4553-A5D6-0C205E00A880}.Release|Any CPU.ActiveCfg = Release|Any CPU
		{FF8E27CD-83AF-4553-A5D6-0C205E00A880}.Release|Any CPU.Build.0 = Release|Any CPU
	EndGlobalSection
	GlobalSection(SolutionProperties) = preSolution
		HideSolutionNode = FALSE
	EndGlobalSection
	GlobalSection(ExtensibilityGlobals) = postSolution
		SolutionGuid = {60D58E0E-404B-4374-BBC9-A99C995E24BC}
	EndGlobalSection
EndGlobal
